// !$*UTF8*$!
{
	archiveVersion = 1;
	classes = {
	};
	objectVersion = 46;
	objects = {

/* Begin PBXBuildFile section */
		47C47DE01E720EF100CB8F9A /* main.m in Sources */ = {isa = PBXBuildFile; fileRef = 47C47DDF1E720EF100CB8F9A /* main.m */; };
		47C47DE31E720EF100CB8F9A /* AppDelegate.m in Sources */ = {isa = PBXBuildFile; fileRef = 47C47DE21E720EF100CB8F9A /* AppDelegate.m */; };
		47C47DE61E720EF100CB8F9A /* ViewController.m in Sources */ = {isa = PBXBuildFile; fileRef = 47C47DE51E720EF100CB8F9A /* ViewController.m */; };
		47C47DE91E720EF100CB8F9A /* Main.storyboard in Resources */ = {isa = PBXBuildFile; fileRef = 47C47DE71E720EF100CB8F9A /* Main.storyboard */; };
		47C47DEB1E720EF100CB8F9A /* Assets.xcassets in Resources */ = {isa = PBXBuildFile; fileRef = 47C47DEA1E720EF100CB8F9A /* Assets.xcassets */; };
		47C47DEE1E720EF100CB8F9A /* LaunchScreen.storyboard in Resources */ = {isa = PBXBuildFile; fileRef = 47C47DEC1E720EF100CB8F9A /* LaunchScreen.storyboard */; };
		47C47DF91E720EF100CB8F9A /* SideScrollingGameTests.m in Sources */ = {isa = PBXBuildFile; fileRef = 47C47DF81E720EF100CB8F9A /* SideScrollingGameTests.m */; };
		47C47E041E720EF100CB8F9A /* SideScrollingGameUITests.m in Sources */ = {isa = PBXBuildFile; fileRef = 47C47E031E720EF100CB8F9A /* SideScrollingGameUITests.m */; };
		47E7204E1E7252CC0036C939 /* PlayViewController.m in Sources */ = {isa = PBXBuildFile; fileRef = 47E7204D1E7252CC0036C939 /* PlayViewController.m */; };
		47E720501E725A250036C939 /* Road.jpg in Resources */ = {isa = PBXBuildFile; fileRef = 47E7204F1E725A250036C939 /* Road.jpg */; };
		47E720541E725C490036C939 /* Lane-Splitter Start Background.jpg in Resources */ = {isa = PBXBuildFile; fileRef = 47E720531E725C490036C939 /* Lane-Splitter Start Background.jpg */; };
		47E720561E725EEB0036C939 /* HeroCar.png in Resources */ = {isa = PBXBuildFile; fileRef = 47E720551E725EEB0036C939 /* HeroCar.png */; };
		47E720581E7260070036C939 /* OtherCar1.png in Resources */ = {isa = PBXBuildFile; fileRef = 47E720571E7260070036C939 /* OtherCar1.png */; };
		52B496341E764AFE00F70E21 /* game-over.png in Resources */ = {isa = PBXBuildFile; fileRef = 52B496331E764AFE00F70E21 /* game-over.png */; };
		52B496361E7651AC00F70E21 /* CrashedCar.jpg in Resources */ = {isa = PBXBuildFile; fileRef = 52B496351E7651AC00F70E21 /* CrashedCar.jpg */; };
		52F5BD391E762E97002CAA5E /* OtherCar2.png in Resources */ = {isa = PBXBuildFile; fileRef = 52F5BD381E762E97002CAA5E /* OtherCar2.png */; };
/* End PBXBuildFile section */

/* Begin PBXContainerItemProxy section */
		47C47DF51E720EF100CB8F9A /* PBXContainerItemProxy */ = {
			isa = PBXContainerItemProxy;
			containerPortal = 47C47DD31E720EF100CB8F9A /* Project object */;
			proxyType = 1;
			remoteGlobalIDString = 47C47DDA1E720EF100CB8F9A;
			remoteInfo = SideScrollingGame;
		};
		47C47E001E720EF100CB8F9A /* PBXContainerItemProxy */ = {
			isa = PBXContainerItemProxy;
			containerPortal = 47C47DD31E720EF100CB8F9A /* Project object */;
			proxyType = 1;
			remoteGlobalIDString = 47C47DDA1E720EF100CB8F9A;
			remoteInfo = SideScrollingGame;
		};
/* End PBXContainerItemProxy section */

/* Begin PBXFileReference section */
		47C47DDB1E720EF100CB8F9A /* SideScrollingGame.app */ = {isa = PBXFileReference; explicitFileType = wrapper.application; includeInIndex = 0; path = SideScrollingGame.app; sourceTree = BUILT_PRODUCTS_DIR; };
		47C47DDF1E720EF100CB8F9A /* main.m */ = {isa = PBXFileReference; lastKnownFileType = sourcecode.c.objc; path = main.m; sourceTree = "<group>"; };
		47C47DE11E720EF100CB8F9A /* AppDelegate.h */ = {isa = PBXFileReference; lastKnownFileType = sourcecode.c.h; path = AppDelegate.h; sourceTree = "<group>"; };
		47C47DE21E720EF100CB8F9A /* AppDelegate.m */ = {isa = PBXFileReference; lastKnownFileType = sourcecode.c.objc; path = AppDelegate.m; sourceTree = "<group>"; };
		47C47DE41E720EF100CB8F9A /* ViewController.h */ = {isa = PBXFileReference; lastKnownFileType = sourcecode.c.h; path = ViewController.h; sourceTree = "<group>"; };
		47C47DE51E720EF100CB8F9A /* ViewController.m */ = {isa = PBXFileReference; lastKnownFileType = sourcecode.c.objc; path = ViewController.m; sourceTree = "<group>"; };
		47C47DE81E720EF100CB8F9A /* Base */ = {isa = PBXFileReference; lastKnownFileType = file.storyboard; name = Base; path = Base.lproj/Main.storyboard; sourceTree = "<group>"; };
		47C47DEA1E720EF100CB8F9A /* Assets.xcassets */ = {isa = PBXFileReference; lastKnownFileType = folder.assetcatalog; path = Assets.xcassets; sourceTree = "<group>"; };
		47C47DED1E720EF100CB8F9A /* Base */ = {isa = PBXFileReference; lastKnownFileType = file.storyboard; name = Base; path = Base.lproj/LaunchScreen.storyboard; sourceTree = "<group>"; };
		47C47DEF1E720EF100CB8F9A /* Info.plist */ = {isa = PBXFileReference; lastKnownFileType = text.plist.xml; path = Info.plist; sourceTree = "<group>"; };
		47C47DF41E720EF100CB8F9A /* SideScrollingGameTests.xctest */ = {isa = PBXFileReference; explicitFileType = wrapper.cfbundle; includeInIndex = 0; path = SideScrollingGameTests.xctest; sourceTree = BUILT_PRODUCTS_DIR; };
		47C47DF81E720EF100CB8F9A /* SideScrollingGameTests.m */ = {isa = PBXFileReference; lastKnownFileType = sourcecode.c.objc; path = SideScrollingGameTests.m; sourceTree = "<group>"; };
		47C47DFA1E720EF100CB8F9A /* Info.plist */ = {isa = PBXFileReference; lastKnownFileType = text.plist.xml; path = Info.plist; sourceTree = "<group>"; };
		47C47DFF1E720EF100CB8F9A /* SideScrollingGameUITests.xctest */ = {isa = PBXFileReference; explicitFileType = wrapper.cfbundle; includeInIndex = 0; path = SideScrollingGameUITests.xctest; sourceTree = BUILT_PRODUCTS_DIR; };
		47C47E031E720EF100CB8F9A /* SideScrollingGameUITests.m */ = {isa = PBXFileReference; lastKnownFileType = sourcecode.c.objc; path = SideScrollingGameUITests.m; sourceTree = "<group>"; };
		47C47E051E720EF100CB8F9A /* Info.plist */ = {isa = PBXFileReference; lastKnownFileType = text.plist.xml; path = Info.plist; sourceTree = "<group>"; };
		47E7204C1E7252CC0036C939 /* PlayViewController.h */ = {isa = PBXFileReference; fileEncoding = 4; lastKnownFileType = sourcecode.c.h; path = PlayViewController.h; sourceTree = "<group>"; };
		47E7204D1E7252CC0036C939 /* PlayViewController.m */ = {isa = PBXFileReference; fileEncoding = 4; lastKnownFileType = sourcecode.c.objc; path = PlayViewController.m; sourceTree = "<group>"; };
		47E7204F1E725A250036C939 /* Road.jpg */ = {isa = PBXFileReference; lastKnownFileType = image.jpeg; path = Road.jpg; sourceTree = SOURCE_ROOT; };
		47E720531E725C490036C939 /* Lane-Splitter Start Background.jpg */ = {isa = PBXFileReference; lastKnownFileType = image.jpeg; name = "Lane-Splitter Start Background.jpg"; path = "../Lane-Splitter Start Background.jpg"; sourceTree = "<group>"; };
		47E720551E725EEB0036C939 /* HeroCar.png */ = {isa = PBXFileReference; lastKnownFileType = image.png; path = HeroCar.png; sourceTree = SOURCE_ROOT; };
		47E720571E7260070036C939 /* OtherCar1.png */ = {isa = PBXFileReference; lastKnownFileType = image.png; path = OtherCar1.png; sourceTree = SOURCE_ROOT; };
		52B496331E764AFE00F70E21 /* game-over.png */ = {isa = PBXFileReference; lastKnownFileType = image.png; path = "game-over.png"; sourceTree = SOURCE_ROOT; };
		52B496351E7651AC00F70E21 /* CrashedCar.jpg */ = {isa = PBXFileReference; lastKnownFileType = image.jpeg; name = CrashedCar.jpg; path = ../CrashedCar.jpg; sourceTree = "<group>"; };
		52F5BD381E762E97002CAA5E /* OtherCar2.png */ = {isa = PBXFileReference; lastKnownFileType = image.png; path = OtherCar2.png; sourceTree = SOURCE_ROOT; };
/* End PBXFileReference section */

/* Begin PBXFrameworksBuildPhase section */
		47C47DD81E720EF100CB8F9A /* Frameworks */ = {
			isa = PBXFrameworksBuildPhase;
			buildActionMask = 2147483647;
			files = (
			);
			runOnlyForDeploymentPostprocessing = 0;
		};
		47C47DF11E720EF100CB8F9A /* Frameworks */ = {
			isa = PBXFrameworksBuildPhase;
			buildActionMask = 2147483647;
			files = (
			);
			runOnlyForDeploymentPostprocessing = 0;
		};
		47C47DFC1E720EF100CB8F9A /* Frameworks */ = {
			isa = PBXFrameworksBuildPhase;
			buildActionMask = 2147483647;
			files = (
			);
			runOnlyForDeploymentPostprocessing = 0;
		};
/* End PBXFrameworksBuildPhase section */

/* Begin PBXGroup section */
		47C47DD21E720EF100CB8F9A = {
			isa = PBXGroup;
			children = (
				47C47DDD1E720EF100CB8F9A /* SideScrollingGame */,
				47C47DF71E720EF100CB8F9A /* SideScrollingGameTests */,
				47C47E021E720EF100CB8F9A /* SideScrollingGameUITests */,
				47C47DDC1E720EF100CB8F9A /* Products */,
			);
			sourceTree = "<group>";
		};
		47C47DDC1E720EF100CB8F9A /* Products */ = {
			isa = PBXGroup;
			children = (
				47C47DDB1E720EF100CB8F9A /* SideScrollingGame.app */,
				47C47DF41E720EF100CB8F9A /* SideScrollingGameTests.xctest */,
				47C47DFF1E720EF100CB8F9A /* SideScrollingGameUITests.xctest */,
			);
			name = Products;
			sourceTree = "<group>";
		};
		47C47DDD1E720EF100CB8F9A /* SideScrollingGame */ = {
			isa = PBXGroup;
			children = (
				47C47DE11E720EF100CB8F9A /* AppDelegate.h */,
				47C47DE21E720EF100CB8F9A /* AppDelegate.m */,
				47C47DE41E720EF100CB8F9A /* ViewController.h */,
				47C47DE51E720EF100CB8F9A /* ViewController.m */,
				47C47DE71E720EF100CB8F9A /* Main.storyboard */,
				47C47DDF1E720EF100CB8F9A /* main.m */,
				47E7204C1E7252CC0036C939 /* PlayViewController.h */,
				47E7204D1E7252CC0036C939 /* PlayViewController.m */,
				47C47DEA1E720EF100CB8F9A /* Assets.xcassets */,
				47C47DEC1E720EF100CB8F9A /* LaunchScreen.storyboard */,
				47C47DEF1E720EF100CB8F9A /* Info.plist */,
				47C47DDE1E720EF100CB8F9A /* Supporting Files */,
			);
			path = SideScrollingGame;
			sourceTree = "<group>";
		};
		47C47DDE1E720EF100CB8F9A /* Supporting Files */ = {
			isa = PBXGroup;
			children = (
				52B496351E7651AC00F70E21 /* CrashedCar.jpg */,
				52B496331E764AFE00F70E21 /* game-over.png */,
				47E720571E7260070036C939 /* OtherCar1.png */,
				52F5BD381E762E97002CAA5E /* OtherCar2.png */,
				47E720551E725EEB0036C939 /* HeroCar.png */,
				47E720531E725C490036C939 /* Lane-Splitter Start Background.jpg */,
				47E7204F1E725A250036C939 /* Road.jpg */,
			);
			name = "Supporting Files";
			sourceTree = "<group>";
		};
		47C47DF71E720EF100CB8F9A /* SideScrollingGameTests */ = {
			isa = PBXGroup;
			children = (
				47C47DF81E720EF100CB8F9A /* SideScrollingGameTests.m */,
				47C47DFA1E720EF100CB8F9A /* Info.plist */,
			);
			path = SideScrollingGameTests;
			sourceTree = "<group>";
		};
		47C47E021E720EF100CB8F9A /* SideScrollingGameUITests */ = {
			isa = PBXGroup;
			children = (
				47C47E031E720EF100CB8F9A /* SideScrollingGameUITests.m */,
				47C47E051E720EF100CB8F9A /* Info.plist */,
			);
			path = SideScrollingGameUITests;
			sourceTree = "<group>";
		};
/* End PBXGroup section */

/* Begin PBXNativeTarget section */
		47C47DDA1E720EF100CB8F9A /* SideScrollingGame */ = {
			isa = PBXNativeTarget;
			buildConfigurationList = 47C47E081E720EF100CB8F9A /* Build configuration list for PBXNativeTarget "SideScrollingGame" */;
			buildPhases = (
				47C47DD71E720EF100CB8F9A /* Sources */,
				47C47DD81E720EF100CB8F9A /* Frameworks */,
				47C47DD91E720EF100CB8F9A /* Resources */,
			);
			buildRules = (
			);
			dependencies = (
			);
			name = SideScrollingGame;
			productName = SideScrollingGame;
			productReference = 47C47DDB1E720EF100CB8F9A /* SideScrollingGame.app */;
			productType = "com.apple.product-type.application";
		};
		47C47DF31E720EF100CB8F9A /* SideScrollingGameTests */ = {
			isa = PBXNativeTarget;
			buildConfigurationList = 47C47E0B1E720EF100CB8F9A /* Build configuration list for PBXNativeTarget "SideScrollingGameTests" */;
			buildPhases = (
				47C47DF01E720EF100CB8F9A /* Sources */,
				47C47DF11E720EF100CB8F9A /* Frameworks */,
				47C47DF21E720EF100CB8F9A /* Resources */,
			);
			buildRules = (
			);
			dependencies = (
				47C47DF61E720EF100CB8F9A /* PBXTargetDependency */,
			);
			name = SideScrollingGameTests;
			productName = SideScrollingGameTests;
			productReference = 47C47DF41E720EF100CB8F9A /* SideScrollingGameTests.xctest */;
			productType = "com.apple.product-type.bundle.unit-test";
		};
		47C47DFE1E720EF100CB8F9A /* SideScrollingGameUITests */ = {
			isa = PBXNativeTarget;
			buildConfigurationList = 47C47E0E1E720EF100CB8F9A /* Build configuration list for PBXNativeTarget "SideScrollingGameUITests" */;
			buildPhases = (
				47C47DFB1E720EF100CB8F9A /* Sources */,
				47C47DFC1E720EF100CB8F9A /* Frameworks */,
				47C47DFD1E720EF100CB8F9A /* Resources */,
			);
			buildRules = (
			);
			dependencies = (
				47C47E011E720EF100CB8F9A /* PBXTargetDependency */,
			);
			name = SideScrollingGameUITests;
			productName = SideScrollingGameUITests;
			productReference = 47C47DFF1E720EF100CB8F9A /* SideScrollingGameUITests.xctest */;
			productType = "com.apple.product-type.bundle.ui-testing";
		};
/* End PBXNativeTarget section */

/* Begin PBXProject section */
		47C47DD31E720EF100CB8F9A /* Project object */ = {
			isa = PBXProject;
			attributes = {
				LastUpgradeCheck = 0710;
				ORGANIZATIONNAME = "Sagar Mangulkar";
				TargetAttributes = {
					47C47DDA1E720EF100CB8F9A = {
						CreatedOnToolsVersion = 7.1.1;
					};
					47C47DF31E720EF100CB8F9A = {
						CreatedOnToolsVersion = 7.1.1;
						TestTargetID = 47C47DDA1E720EF100CB8F9A;
					};
					47C47DFE1E720EF100CB8F9A = {
						CreatedOnToolsVersion = 7.1.1;
						TestTargetID = 47C47DDA1E720EF100CB8F9A;
					};
				};
			};
			buildConfigurationList = 47C47DD61E720EF100CB8F9A /* Build configuration list for PBXProject "SideScrollingGame" */;
			compatibilityVersion = "Xcode 3.2";
			developmentRegion = English;
			hasScannedForEncodings = 0;
			knownRegions = (
				en,
				Base,
			);
			mainGroup = 47C47DD21E720EF100CB8F9A;
			productRefGroup = 47C47DDC1E720EF100CB8F9A /* Products */;
			projectDirPath = "";
			projectRoot = "";
			targets = (
				47C47DDA1E720EF100CB8F9A /* SideScrollingGame */,
				47C47DF31E720EF100CB8F9A /* SideScrollingGameTests */,
				47C47DFE1E720EF100CB8F9A /* SideScrollingGameUITests */,
			);
		};
/* End PBXProject section */

/* Begin PBXResourcesBuildPhase section */
		47C47DD91E720EF100CB8F9A /* Resources */ = {
			isa = PBXResourcesBuildPhase;
			buildActionMask = 2147483647;
			files = (
				47E720561E725EEB0036C939 /* HeroCar.png in Resources */,
				52B496361E7651AC00F70E21 /* CrashedCar.jpg in Resources */,
				47E720541E725C490036C939 /* Lane-Splitter Start Background.jpg in Resources */,
				52F5BD391E762E97002CAA5E /* OtherCar2.png in Resources */,
				47C47DEE1E720EF100CB8F9A /* LaunchScreen.storyboard in Resources */,
				52B496341E764AFE00F70E21 /* game-over.png in Resources */,
				47E720501E725A250036C939 /* Road.jpg in Resources */,
				47E720581E7260070036C939 /* OtherCar1.png in Resources */,
				47C47DEB1E720EF100CB8F9A /* Assets.xcassets in Resources */,
				47C47DE91E720EF100CB8F9A /* Main.storyboard in Resources */,
			);
			runOnlyForDeploymentPostprocessing = 0;
		};
		47C47DF21E720EF100CB8F9A /* Resources */ = {
			isa = PBXResourcesBuildPhase;
			buildActionMask = 2147483647;
			files = (
			);
			runOnlyForDeploymentPostprocessing = 0;
		};
		47C47DFD1E720EF100CB8F9A /* Resources */ = {
			isa = PBXResourcesBuildPhase;
			buildActionMask = 2147483647;
			files = (
			);
			runOnlyForDeploymentPostprocessing = 0;
		};
/* End PBXResourcesBuildPhase section */

/* Begin PBXSourcesBuildPhase section */
		47C47DD71E720EF100CB8F9A /* Sources */ = {
			isa = PBXSourcesBuildPhase;
			buildActionMask = 2147483647;
			files = (
				47E7204E1E7252CC0036C939 /* PlayViewController.m in Sources */,
				47C47DE61E720EF100CB8F9A /* ViewController.m in Sources */,
				47C47DE31E720EF100CB8F9A /* AppDelegate.m in Sources */,
				47C47DE01E720EF100CB8F9A /* main.m in Sources */,
			);
			runOnlyForDeploymentPostprocessing = 0;
		};
		47C47DF01E720EF100CB8F9A /* Sources */ = {
			isa = PBXSourcesBuildPhase;
			buildActionMask = 2147483647;
			files = (
				47C47DF91E720EF100CB8F9A /* SideScrollingGameTests.m in Sources */,
			);
			runOnlyForDeploymentPostprocessing = 0;
		};
		47C47DFB1E720EF100CB8F9A /* Sources */ = {
			isa = PBXSourcesBuildPhase;
			buildActionMask = 2147483647;
			files = (
				47C47E041E720EF100CB8F9A /* SideScrollingGameUITests.m in Sources */,
			);
			runOnlyForDeploymentPostprocessing = 0;
		};
/* End PBXSourcesBuildPhase section */

/* Begin PBXTargetDependency section */
		47C47DF61E720EF100CB8F9A /* PBXTargetDependency */ = {
			isa = PBXTargetDependency;
			target = 47C47DDA1E720EF100CB8F9A /* SideScrollingGame */;
			targetProxy = 47C47DF51E720EF100CB8F9A /* PBXContainerItemProxy */;
		};
		47C47E011E720EF100CB8F9A /* PBXTargetDependency */ = {
			isa = PBXTargetDependency;
			target = 47C47DDA1E720EF100CB8F9A /* SideScrollingGame */;
			targetProxy = 47C47E001E720EF100CB8F9A /* PBXContainerItemProxy */;
		};
/* End PBXTargetDependency section */

/* Begin PBXVariantGroup section */
		47C47DE71E720EF100CB8F9A /* Main.storyboard */ = {
			isa = PBXVariantGroup;
			children = (
				47C47DE81E720EF100CB8F9A /* Base */,
			);
			name = Main.storyboard;
			sourceTree = "<group>";
		};
		47C47DEC1E720EF100CB8F9A /* LaunchScreen.storyboard */ = {
			isa = PBXVariantGroup;
			children = (
				47C47DED1E720EF100CB8F9A /* Base */,
			);
			name = LaunchScreen.storyboard;
			sourceTree = "<group>";
		};
/* End PBXVariantGroup section */

/* Begin XCBuildConfiguration section */
		47C47E061E720EF100CB8F9A /* Debug */ = {
			isa = XCBuildConfiguration;
			buildSettings = {
				ALWAYS_SEARCH_USER_PATHS = NO;
				CLANG_CXX_LANGUAGE_STANDARD = "gnu++0x";
				CLANG_CXX_LIBRARY = "libc++";
				CLANG_ENABLE_MODULES = YES;
				CLANG_ENABLE_OBJC_ARC = YES;
				CLANG_WARN_BOOL_CONVERSION = YES;
				CLANG_WARN_CONSTANT_CONVERSION = YES;
				CLANG_WARN_DIRECT_OBJC_ISA_USAGE = YES_ERROR;
				CLANG_WARN_EMPTY_BODY = YES;
				CLANG_WARN_ENUM_CONVERSION = YES;
				CLANG_WARN_INT_CONVERSION = YES;
				CLANG_WARN_OBJC_ROOT_CLASS = YES_ERROR;
				CLANG_WARN_UNREACHABLE_CODE = YES;
				CLANG_WARN__DUPLICATE_METHOD_MATCH = YES;
				"CODE_SIGN_IDENTITY[sdk=iphoneos*]" = "iPhone Developer";
				COPY_PHASE_STRIP = NO;
				DEBUG_INFORMATION_FORMAT = dwarf;
				ENABLE_STRICT_OBJC_MSGSEND = YES;
				ENABLE_TESTABILITY = YES;
				GCC_C_LANGUAGE_STANDARD = gnu99;
				GCC_DYNAMIC_NO_PIC = NO;
				GCC_NO_COMMON_BLOCKS = YES;
				GCC_OPTIMIZATION_LEVEL = 0;
				GCC_PREPROCESSOR_DEFINITIONS = (
					"DEBUG=1",
					"$(inherited)",
				);
				GCC_WARN_64_TO_32_BIT_CONVERSION = YES;
				GCC_WARN_ABOUT_RETURN_TYPE = YES_ERROR;
				GCC_WARN_UNDECLARED_SELECTOR = YES;
				GCC_WARN_UNINITIALIZED_AUTOS = YES_AGGRESSIVE;
				GCC_WARN_UNUSED_FUNCTION = YES;
				GCC_WARN_UNUSED_VARIABLE = YES;
				IPHONEOS_DEPLOYMENT_TARGET = 9.1;
				MTL_ENABLE_DEBUG_INFO = YES;
				ONLY_ACTIVE_ARCH = YES;
				SDKROOT = iphoneos;
				TARGETED_DEVICE_FAMILY = "1,2";
			};
			name = Debug;
		};
		47C47E071E720EF100CB8F9A /* Release */ = {
			isa = XCBuildConfiguration;
			buildSettings = {
				ALWAYS_SEARCH_USER_PATHS = NO;
				CLANG_CXX_LANGUAGE_STANDARD = "gnu++0x";
				CLANG_CXX_LIBRARY = "libc++";
				CLANG_ENABLE_MODULES = YES;
				CLANG_ENABLE_OBJC_ARC = YES;
				CLANG_WARN_BOOL_CONVERSION = YES;
				CLANG_WARN_CONSTANT_CONVERSION = YES;
				CLANG_WARN_DIRECT_OBJC_ISA_USAGE = YES_ERROR;
				CLANG_WARN_EMPTY_BODY = YES;
				CLANG_WARN_ENUM_CONVERSION = YES;
				CLANG_WARN_INT_CONVERSION = YES;
				CLANG_WARN_OBJC_ROOT_CLASS = YES_ERROR;
				CLANG_WARN_UNREACHABLE_CODE = YES;
				CLANG_WARN__DUPLICATE_METHOD_MATCH = YES;
				"CODE_SIGN_IDENTITY[sdk=iphoneos*]" = "iPhone Developer";
				COPY_PHASE_STRIP = NO;
				DEBUG_INFORMATION_FORMAT = "dwarf-with-dsym";
				ENABLE_NS_ASSERTIONS = NO;
				ENABLE_STRICT_OBJC_MSGSEND = YES;
				GCC_C_LANGUAGE_STANDARD = gnu99;
				GCC_NO_COMMON_BLOCKS = YES;
				GCC_WARN_64_TO_32_BIT_CONVERSION = YES;
				GCC_WARN_ABOUT_RETURN_TYPE = YES_ERROR;
				GCC_WARN_UNDECLARED_SELECTOR = YES;
				GCC_WARN_UNINITIALIZED_AUTOS = YES_AGGRESSIVE;
				GCC_WARN_UNUSED_FUNCTION = YES;
				GCC_WARN_UNUSED_VARIABLE = YES;
				IPHONEOS_DEPLOYMENT_TARGET = 9.1;
				MTL_ENABLE_DEBUG_INFO = NO;
				SDKROOT = iphoneos;
				TARGETED_DEVICE_FAMILY = "1,2";
				VALIDATE_PRODUCT = YES;
			};
			name = Release;
		};
		47C47E091E720EF100CB8F9A /* Debug */ = {
			isa = XCBuildConfiguration;
			buildSettings = {
				ASSETCATALOG_COMPILER_APPICON_NAME = AppIcon;
				INFOPLIST_FILE = SideScrollingGame/Info.plist;
				LD_RUNPATH_SEARCH_PATHS = "$(inherited) @executable_path/Frameworks";
				PRODUCT_BUNDLE_IDENTIFIER = Sagar.SideScrollingGame;
				PRODUCT_NAME = "$(TARGET_NAME)";
			};
			name = Debug;
		};
		47C47E0A1E720EF100CB8F9A /* Release */ = {
			isa = XCBuildConfiguration;
			buildSettings = {
				ASSETCATALOG_COMPILER_APPICON_NAME = AppIcon;
				INFOPLIST_FILE = SideScrollingGame/Info.plist;
				LD_RUNPATH_SEARCH_PATHS = "$(inherited) @executable_path/Frameworks";
				PRODUCT_BUNDLE_IDENTIFIER = Sagar.SideScrollingGame;
				PRODUCT_NAME = "$(TARGET_NAME)";
			};
			name = Release;
		};
		47C47E0C1E720EF100CB8F9A /* Debug */ = {
			isa = XCBuildConfiguration;
			buildSettings = {
				BUNDLE_LOADER = "$(TEST_HOST)";
				INFOPLIST_FILE = SideScrollingGameTests/Info.plist;
				LD_RUNPATH_SEARCH_PATHS = "$(inherited) @executable_path/Frameworks @loader_path/Frameworks";
				PRODUCT_BUNDLE_IDENTIFIER = Sagar.SideScrollingGameTests;
				PRODUCT_NAME = "$(TARGET_NAME)";
				TEST_HOST = "$(BUILT_PRODUCTS_DIR)/SideScrollingGame.app/SideScrollingGame";
			};
			name = Debug;
		};
		47C47E0D1E720EF100CB8F9A /* Release */ = {
			isa = XCBuildConfiguration;
			buildSettings = {
				BUNDLE_LOADER = "$(TEST_HOST)";
				INFOPLIST_FILE = SideScrollingGameTests/Info.plist;
				LD_RUNPATH_SEARCH_PATHS = "$(inherited) @executable_path/Frameworks @loader_path/Frameworks";
				PRODUCT_BUNDLE_IDENTIFIER = Sagar.SideScrollingGameTests;
				PRODUCT_NAME = "$(TARGET_NAME)";
				TEST_HOST = "$(BUILT_PRODUCTS_DIR)/SideScrollingGame.app/SideScrollingGame";
			};
			name = Release;
		};
		47C47E0F1E720EF100CB8F9A /* Debug */ = {
			isa = XCBuildConfiguration;
			buildSettings = {
				INFOPLIST_FILE = SideScrollingGameUITests/Info.plist;
				LD_RUNPATH_SEARCH_PATHS = "$(inherited) @executable_path/Frameworks @loader_path/Frameworks";
				PRODUCT_BUNDLE_IDENTIFIER = Sagar.SideScrollingGameUITests;
				PRODUCT_NAME = "$(TARGET_NAME)";
				TEST_TARGET_NAME = SideScrollingGame;
				USES_XCTRUNNER = YES;
			};
			name = Debug;
		};
		47C47E101E720EF100CB8F9A /* Release */ = {
			isa = XCBuildConfiguration;
			buildSettings = {
				INFOPLIST_FILE = SideScrollingGameUITests/Info.plist;
				LD_RUNPATH_SEARCH_PATHS = "$(inherited) @executable_path/Frameworks @loader_path/Frameworks";
				PRODUCT_BUNDLE_IDENTIFIER = Sagar.SideScrollingGameUITests;
				PRODUCT_NAME = "$(TARGET_NAME)";
				TEST_TARGET_NAME = SideScrollingGame;
				USES_XCTRUNNER = YES;
			};
			name = Release;
		};
/* End XCBuildConfiguration section */

/* Begin XCConfigurationList section */
		47C47DD61E720EF100CB8F9A /* Build configuration list for PBXProject "SideScrollingGame" */ = {
			isa = XCConfigurationList;
			buildConfigurations = (
				47C47E061E720EF100CB8F9A /* Debug */,
				47C47E071E720EF100CB8F9A /* Release */,
			);
			defaultConfigurationIsVisible = 0;
			defaultConfigurationName = Release;
		};
		47C47E081E720EF100CB8F9A /* Build configuration list for PBXNativeTarget "SideScrollingGame" */ = {
			isa = XCConfigurationList;
			buildConfigurations = (
				47C47E091E720EF100CB8F9A /* Debug */,
				47C47E0A1E720EF100CB8F9A /* Release */,
			);
			defaultConfigurationIsVisible = 0;
			defaultConfigurationName = Release;
		};
		47C47E0B1E720EF100CB8F9A /* Build configuration list for PBXNativeTarget "SideScrollingGameTests" */ = {
			isa = XCConfigurationList;
			buildConfigurations = (
				47C47E0C1E720EF100CB8F9A /* Debug */,
				47C47E0D1E720EF100CB8F9A /* Release */,
			);
			defaultConfigurationIsVisible = 0;
			defaultConfigurationName = Release;
		};
		47C47E0E1E720EF100CB8F9A /* Build configuration list for PBXNativeTarget "SideScrollingGameUITests" */ = {
			isa = XCConfigurationList;
			buildConfigurations = (
				47C47E0F1E720EF100CB8F9A /* Debug */,
				47C47E101E720EF100CB8F9A /* Release */,
			);
			defaultConfigurationIsVisible = 0;
			defaultConfigurationName = Release;
		};
/* End XCConfigurationList section */
	};
	rootObject = 47C47DD31E720EF100CB8F9A /* Project object */;
}
